
Microsoft Visual Studio Solution File, Format Version 12.00
Project("{FAE04EC0-301F-11D3-BF4B-00C04F79EFBC}") = "DiscordNetBotTemplate", "DiscordNetBotTemplate\DiscordNetBotTemplate.csproj", "{728CBBA1-BB52-4D2D-9E3B-E65121F254A1}"
EndProject
Global
	GlobalSection(SolutionConfigurationPlatforms) = preSolution
		Debug|Any CPU = Debug|Any CPU
		Release|Any CPU = Release|Any CPU
	EndGlobalSection
	GlobalSection(ProjectConfigurationPlatforms) = postSolution
		{728CBBA1-BB52-4D2D-9E3B-E65121F254A1}.Debug|Any CPU.ActiveCfg = Debug|Any CPU
		{728CBBA1-BB52-4D2D-9E3B-E65121F254A1}.Debug|Any CPU.Build.0 = Debug|Any CPU
		{728CBBA1-BB52-4D2D-9E3B-E65121F254A1}.Release|Any CPU.ActiveCfg = Release|Any CPU
		{728CBBA1-BB52-4D2D-9E3B-E65121F254A1}.Release|Any CPU.Build.0 = Release|Any CPU
	EndGlobalSection
EndGlobal
